// !$*UTF8*$!
{
	archiveVersion = 1;
	classes = {
	};
	objectVersion = 50;
	objects = {

/* Begin PBXBuildFile section */
		BE16858624377E0A0017E496 /* AppDelegate.swift in Sources */ = {isa = PBXBuildFile; fileRef = BE16858524377E0A0017E496 /* AppDelegate.swift */; };
		BE16858824377E0A0017E496 /* ContentView.swift in Sources */ = {isa = PBXBuildFile; fileRef = BE16858724377E0A0017E496 /* ContentView.swift */; };
		BE16858A24377E0C0017E496 /* Assets.xcassets in Resources */ = {isa = PBXBuildFile; fileRef = BE16858924377E0C0017E496 /* Assets.xcassets */; };
		BE16858D24377E0C0017E496 /* Preview Assets.xcassets in Resources */ = {isa = PBXBuildFile; fileRef = BE16858C24377E0C0017E496 /* Preview Assets.xcassets */; };
		BE16859024377E0C0017E496 /* Main.storyboard in Resources */ = {isa = PBXBuildFile; fileRef = BE16858E24377E0C0017E496 /* Main.storyboard */; };
		BE1685992437A0130017E496 /* PasswordGenerator.swift in Sources */ = {isa = PBXBuildFile; fileRef = BE1685982437A0130017E496 /* PasswordGenerator.swift */; };
		BE16859B2437BA440017E496 /* README.md in Resources */ = {isa = PBXBuildFile; fileRef = BE16859A2437BA440017E496 /* README.md */; };
/* End PBXBuildFile section */

/* Begin PBXFileReference section */
		BE16858224377E0A0017E496 /* PassGen.app */ = {isa = PBXFileReference; explicitFileType = wrapper.application; includeInIndex = 0; path = PassGen.app; sourceTree = BUILT_PRODUCTS_DIR; };
		BE16858524377E0A0017E496 /* AppDelegate.swift */ = {isa = PBXFileReference; lastKnownFileType = sourcecode.swift; path = AppDelegate.swift; sourceTree = "<group>"; };
		BE16858724377E0A0017E496 /* ContentView.swift */ = {isa = PBXFileReference; lastKnownFileType = sourcecode.swift; path = ContentView.swift; sourceTree = "<group>"; };
		BE16858924377E0C0017E496 /* Assets.xcassets */ = {isa = PBXFileReference; lastKnownFileType = folder.assetcatalog; path = Assets.xcassets; sourceTree = "<group>"; };
		BE16858C24377E0C0017E496 /* Preview Assets.xcassets */ = {isa = PBXFileReference; lastKnownFileType = folder.assetcatalog; path = "Preview Assets.xcassets"; sourceTree = "<group>"; };
		BE16858F24377E0C0017E496 /* Base */ = {isa = PBXFileReference; lastKnownFileType = file.storyboard; name = Base; path = Base.lproj/Main.storyboard; sourceTree = "<group>"; };
		BE16859124377E0C0017E496 /* Info.plist */ = {isa = PBXFileReference; lastKnownFileType = text.plist.xml; path = Info.plist; sourceTree = "<group>"; };
		BE16859224377E0C0017E496 /* PassGen.entitlements */ = {isa = PBXFileReference; lastKnownFileType = text.plist.entitlements; path = PassGen.entitlements; sourceTree = "<group>"; };
		BE1685982437A0130017E496 /* PasswordGenerator.swift */ = {isa = PBXFileReference; lastKnownFileType = sourcecode.swift; path = PasswordGenerator.swift; sourceTree = "<group>"; };
		BE16859A2437BA440017E496 /* README.md */ = {isa = PBXFileReference; fileEncoding = 4; lastKnownFileType = net.daringfireball.markdown; path = README.md; sourceTree = SOURCE_ROOT; };
/* End PBXFileReference section */

/* Begin PBXFrameworksBuildPhase section */
		BE16857F24377E0A0017E496 /* Frameworks */ = {
			isa = PBXFrameworksBuildPhase;
			buildActionMask = 2147483647;
			files = (
			);
			runOnlyForDeploymentPostprocessing = 0;
		};
/* End PBXFrameworksBuildPhase section */

/* Begin PBXGroup section */
		BE16857924377E0A0017E496 = {
			isa = PBXGroup;
			children = (
				BE16858424377E0A0017E496 /* PassGen */,
				BE16858324377E0A0017E496 /* Products */,
			);
			sourceTree = "<group>";
		};
		BE16858324377E0A0017E496 /* Products */ = {
			isa = PBXGroup;
			children = (
				BE16858224377E0A0017E496 /* PassGen.app */,
			);
			name = Products;
			sourceTree = "<group>";
		};
		BE16858424377E0A0017E496 /* PassGen */ = {
			isa = PBXGroup;
			children = (
				BE16858524377E0A0017E496 /* AppDelegate.swift */,
				BE16858724377E0A0017E496 /* ContentView.swift */,
				BE1685982437A0130017E496 /* PasswordGenerator.swift */,
				BE16858924377E0C0017E496 /* Assets.xcassets */,
				BE16858E24377E0C0017E496 /* Main.storyboard */,
				BE16859A2437BA440017E496 /* README.md */,
				BE16859124377E0C0017E496 /* Info.plist */,
				BE16859224377E0C0017E496 /* PassGen.entitlements */,
				BE16858B24377E0C0017E496 /* Preview Content */,
			);
			path = PassGen;
			sourceTree = "<group>";
		};
		BE16858B24377E0C0017E496 /* Preview Content */ = {
			isa = PBXGroup;
			children = (
				BE16858C24377E0C0017E496 /* Preview Assets.xcassets */,
			);
			path = "Preview Content";
			sourceTree = "<group>";
		};
/* End PBXGroup section */

/* Begin PBXNativeTarget section */
		BE16858124377E0A0017E496 /* PassGen */ = {
			isa = PBXNativeTarget;
			buildConfigurationList = BE16859524377E0C0017E496 /* Build configuration list for PBXNativeTarget "PassGen" */;
			buildPhases = (
				BE16857E24377E0A0017E496 /* Sources */,
				BE16857F24377E0A0017E496 /* Frameworks */,
				BE16858024377E0A0017E496 /* Resources */,
			);
			buildRules = (
			);
			dependencies = (
			);
			name = PassGen;
			productName = PassGen;
			productReference = BE16858224377E0A0017E496 /* PassGen.app */;
			productType = "com.apple.product-type.application";
		};
/* End PBXNativeTarget section */

/* Begin PBXProject section */
		BE16857A24377E0A0017E496 /* Project object */ = {
			isa = PBXProject;
			attributes = {
				LastSwiftUpdateCheck = 1140;
				LastUpgradeCheck = 1140;
				ORGANIZATIONNAME = "Kaunteya Suryawanshi";
				TargetAttributes = {
					BE16858124377E0A0017E496 = {
						CreatedOnToolsVersion = 11.4;
					};
				};
			};
			buildConfigurationList = BE16857D24377E0A0017E496 /* Build configuration list for PBXProject "PassGen" */;
			compatibilityVersion = "Xcode 9.3";
			developmentRegion = en;
			hasScannedForEncodings = 0;
			knownRegions = (
				en,
				Base,
			);
			mainGroup = BE16857924377E0A0017E496;
			productRefGroup = BE16858324377E0A0017E496 /* Products */;
			projectDirPath = "";
			projectRoot = "";
			targets = (
				BE16858124377E0A0017E496 /* PassGen */,
			);
		};
/* End PBXProject section */

/* Begin PBXResourcesBuildPhase section */
		BE16858024377E0A0017E496 /* Resources */ = {
			isa = PBXResourcesBuildPhase;
			buildActionMask = 2147483647;
			files = (
				BE16859024377E0C0017E496 /* Main.storyboard in Resources */,
				BE16858D24377E0C0017E496 /* Preview Assets.xcassets in Resources */,
				BE16859B2437BA440017E496 /* README.md in Resources */,
				BE16858A24377E0C0017E496 /* Assets.xcassets in Resources */,
			);
			runOnlyForDeploymentPostprocessing = 0;
		};
/* End PBXResourcesBuildPhase section */

/* Begin PBXSourcesBuildPhase section */
		BE16857E24377E0A0017E496 /* Sources */ = {
			isa = PBXSourcesBuildPhase;
			buildActionMask = 2147483647;
			files = (
				BE16858824377E0A0017E496 /* ContentView.swift in Sources */,
				BE16858624377E0A0017E496 /* AppDelegate.swift in Sources */,
				BE1685992437A0130017E496 /* PasswordGenerator.swift in Sources */,
			);
			runOnlyForDeploymentPostprocessing = 0;
		};
/* End PBXSourcesBuildPhase section */

/* Begin PBXVariantGroup section */
		BE16858E24377E0C0017E496 /* Main.storyboard */ = {
			isa = PBXVariantGroup;
			children = (
				BE16858F24377E0C0017E496 /* Base */,
			);
			name = Main.storyboard;
			sourceTree = "<group>";
		};
/* End PBXVariantGroup section */

/* Begin XCBuildConfiguration section */
		BE16859324377E0C0017E496 /* Debug */ = {
			isa = XCBuildConfiguration;
			buildSettings = {
				ALWAYS_SEARCH_USER_PATHS = NO;
				CLANG_ANALYZER_NONNULL = YES;
				CLANG_ANALYZER_NUMBER_OBJECT_CONVERSION = YES_AGGRESSIVE;
				CLANG_CXX_LANGUAGE_STANDARD = "gnu++14";
				CLANG_CXX_LIBRARY = "libc++";
				CLANG_ENABLE_MODULES = YES;
				CLANG_ENABLE_OBJC_ARC = YES;
				CLANG_ENABLE_OBJC_WEAK = YES;
				CLANG_WARN_BLOCK_CAPTURE_AUTORELEASING = YES;
				CLANG_WARN_BOOL_CONVERSION = YES;
				CLANG_WARN_COMMA = YES;
				CLANG_WARN_CONSTANT_CONVERSION = YES;
				CLANG_WARN_DEPRECATED_OBJC_IMPLEMENTATIONS = YES;
				CLANG_WARN_DIRECT_OBJC_ISA_USAGE = YES_ERROR;
				CLANG_WARN_DOCUMENTATION_COMMENTS = YES;
				CLANG_WARN_EMPTY_BODY = YES;
				CLANG_WARN_ENUM_CONVERSION = YES;
				CLANG_WARN_INFINITE_RECURSION = YES;
				CLANG_WARN_INT_CONVERSION = YES;
				CLANG_WARN_NON_LITERAL_NULL_CONVERSION = YES;
				CLANG_WARN_OBJC_IMPLICIT_RETAIN_SELF = YES;
				CLANG_WARN_OBJC_LITERAL_CONVERSION = YES;
				CLANG_WARN_OBJC_ROOT_CLASS = YES_ERROR;
				CLANG_WARN_RANGE_LOOP_ANALYSIS = YES;
				CLANG_WARN_STRICT_PROTOTYPES = YES;
				CLANG_WARN_SUSPICIOUS_MOVE = YES;
				CLANG_WARN_UNGUARDED_AVAILABILITY = YES_AGGRESSIVE;
				CLANG_WARN_UNREACHABLE_CODE = YES;
				CLANG_WARN__DUPLICATE_METHOD_MATCH = YES;
				COPY_PHASE_STRIP = NO;
				DEBUG_INFORMATION_FORMAT = dwarf;
				ENABLE_STRICT_OBJC_MSGSEND = YES;
				ENABLE_TESTABILITY = YES;
				GCC_C_LANGUAGE_STANDARD = gnu11;
				GCC_DYNAMIC_NO_PIC = NO;
				GCC_NO_COMMON_BLOCKS = YES;
				GCC_OPTIMIZATION_LEVEL = 0;
				GCC_PREPROCESSOR_DEFINITIONS = (
					"DEBUG=1",
					"$(inherited)",
				);
				GCC_WARN_64_TO_32_BIT_CONVERSION = YES;
				GCC_WARN_ABOUT_RETURN_TYPE = YES_ERROR;
				GCC_WARN_UNDECLARED_SELECTOR = YES;
				GCC_WARN_UNINITIALIZED_AUTOS = YES_AGGRESSIVE;
				GCC_WARN_UNUSED_FUNCTION = YES;
				GCC_WARN_UNUSED_VARIABLE = YES;
				MACOSX_DEPLOYMENT_TARGET = 10.15;
				MTL_ENABLE_DEBUG_INFO = INCLUDE_SOURCE;
				MTL_FAST_MATH = YES;
				ONLY_ACTIVE_ARCH = YES;
				SDKROOT = macosx;
				SWIFT_ACTIVE_COMPILATION_CONDITIONS = DEBUG;
				SWIFT_OPTIMIZATION_LEVEL = "-Onone";
			};
			name = Debug;
		};
		BE16859424377E0C0017E496 /* Release */ = {
			isa = XCBuildConfiguration;
			buildSettings = {
				ALWAYS_SEARCH_USER_PATHS = NO;
				CLANG_ANALYZER_NONNULL = YES;
				CLANG_ANALYZER_NUMBER_OBJECT_CONVERSION = YES_AGGRESSIVE;
				CLANG_CXX_LANGUAGE_STANDARD = "gnu++14";
				CLANG_CXX_LIBRARY = "libc++";
				CLANG_ENABLE_MODULES = YES;
				CLANG_ENABLE_OBJC_ARC = YES;
				CLANG_ENABLE_OBJC_WEAK = YES;
				CLANG_WARN_BLOCK_CAPTURE_AUTORELEASING = YES;
				CLANG_WARN_BOOL_CONVERSION = YES;
				CLANG_WARN_COMMA = YES;
				CLANG_WARN_CONSTANT_CONVERSION = YES;
				CLANG_WARN_DEPRECATED_OBJC_IMPLEMENTATIONS = YES;
				CLANG_WARN_DIRECT_OBJC_ISA_USAGE = YES_ERROR;
				CLANG_WARN_DOCUMENTATION_COMMENTS = YES;
				CLANG_WARN_EMPTY_BODY = YES;
				CLANG_WARN_ENUM_CONVERSION = YES;
				CLANG_WARN_INFINITE_RECURSION = YES;
				CLANG_WARN_INT_CONVERSION = YES;
				CLANG_WARN_NON_LITERAL_NULL_CONVERSION = YES;
				CLANG_WARN_OBJC_IMPLICIT_RETAIN_SELF = YES;
				CLANG_WARN_OBJC_LITERAL_CONVERSION = YES;
				CLANG_WARN_OBJC_ROOT_CLASS = YES_ERROR;
				CLANG_WARN_RANGE_LOOP_ANALYSIS = YES;
				CLANG_WARN_STRICT_PROTOTYPES = YES;
				CLANG_WARN_SUSPICIOUS_MOVE = YES;
				CLANG_WARN_UNGUARDED_AVAILABILITY = YES_AGGRESSIVE;
				CLANG_WARN_UNREACHABLE_CODE = YES;
				CLANG_WARN__DUPLICATE_METHOD_MATCH = YES;
				COPY_PHASE_STRIP = NO;
				DEBUG_INFORMATION_FORMAT = "dwarf-with-dsym";
				ENABLE_NS_ASSERTIONS = NO;
				ENABLE_STRICT_OBJC_MSGSEND = YES;
				GCC_C_LANGUAGE_STANDARD = gnu11;
				GCC_NO_COMMON_BLOCKS = YES;
				GCC_WARN_64_TO_32_BIT_CONVERSION = YES;
				GCC_WARN_ABOUT_RETURN_TYPE = YES_ERROR;
				GCC_WARN_UNDECLARED_SELECTOR = YES;
				GCC_WARN_UNINITIALIZED_AUTOS = YES_AGGRESSIVE;
				GCC_WARN_UNUSED_FUNCTION = YES;
				GCC_WARN_UNUSED_VARIABLE = YES;
				MACOSX_DEPLOYMENT_TARGET = 10.15;
				MTL_ENABLE_DEBUG_INFO = NO;
				MTL_FAST_MATH = YES;
				SDKROOT = macosx;
				SWIFT_COMPILATION_MODE = wholemodule;
				SWIFT_OPTIMIZATION_LEVEL = "-O";
			};
			name = Release;
		};
		BE16859624377E0C0017E496 /* Debug */ = {
			isa = XCBuildConfiguration;
			buildSettings = {
				ASSETCATALOG_COMPILER_APPICON_NAME = AppIcon;
				CODE_SIGN_ENTITLEMENTS = PassGen/PassGen.entitlements;
				CODE_SIGN_STYLE = Automatic;
				COMBINE_HIDPI_IMAGES = YES;
				CURRENT_PROJECT_VERSION = 10;
				DEVELOPMENT_ASSET_PATHS = "\"PassGen/Preview Content\"";
				DEVELOPMENT_TEAM = KQQ77ZBE5E;
				ENABLE_HARDENED_RUNTIME = YES;
				ENABLE_PREVIEWS = YES;
				INFOPLIST_FILE = PassGen/Info.plist;
				LD_RUNPATH_SEARCH_PATHS = (
					"$(inherited)",
					"@executable_path/../Frameworks",
				);
				MACOSX_DEPLOYMENT_TARGET = 10.15;
				MARKETING_VERSION = 1.4;
				PRODUCT_BUNDLE_IDENTIFIER = com.kaunteya.PassGen;
				PRODUCT_NAME = "$(TARGET_NAME)";
				SWIFT_VERSION = 5.0;
			};
			name = Debug;
		};
		BE16859724377E0C0017E496 /* Release */ = {
			isa = XCBuildConfiguration;
			buildSettings = {
				ASSETCATALOG_COMPILER_APPICON_NAME = AppIcon;
				CODE_SIGN_ENTITLEMENTS = PassGen/PassGen.entitlements;
				CODE_SIGN_STYLE = Automatic;
				COMBINE_HIDPI_IMAGES = YES;
				CURRENT_PROJECT_VERSION = 10;
				DEVELOPMENT_ASSET_PATHS = "\"PassGen/Preview Content\"";
				DEVELOPMENT_TEAM = KQQ77ZBE5E;
				ENABLE_HARDENED_RUNTIME = YES;
				ENABLE_PREVIEWS = YES;
				INFOPLIST_FILE = PassGen/Info.plist;
				LD_RUNPATH_SEARCH_PATHS = (
					"$(inherited)",
					"@executable_path/../Frameworks",
				);
				MACOSX_DEPLOYMENT_TARGET = 10.15;
				MARKETING_VERSION = 1.4;
				PRODUCT_BUNDLE_IDENTIFIER = com.kaunteya.PassGen;
				PRODUCT_NAME = "$(TARGET_NAME)";
				SWIFT_VERSION = 5.0;
			};
			name = Release;
		};
/* End XCBuildConfiguration section */

/* Begin XCConfigurationList section */
		BE16857D24377E0A0017E496 /* Build configuration list for PBXProject "PassGen" */ = {
			isa = XCConfigurationList;
			buildConfigurations = (
				BE16859324377E0C0017E496 /* Debug */,
				BE16859424377E0C0017E496 /* Release */,
			);
			defaultConfigurationIsVisible = 0;
			defaultConfigurationName = Release;
		};
		BE16859524377E0C0017E496 /* Build configuration list for PBXNativeTarget "PassGen" */ = {
			isa = XCConfigurationList;
			buildConfigurations = (
				BE16859624377E0C0017E496 /* Debug */,
				BE16859724377E0C0017E496 /* Release */,
			);
			defaultConfigurationIsVisible = 0;
			defaultConfigurationName = Release;
		};
/* End XCConfigurationList section */
	};
	rootObject = BE16857A24377E0A0017E496 /* Project object */;
}
